
Microsoft Visual Studio Solution File, Format Version 12.00
# Visual Studio Version 17
VisualStudioVersion = 17.13.35919.96 d17.13
MinimumVisualStudioVersion = 10.0.40219.1
Project("{FAE04EC0-301F-11D3-BF4B-00C04F79EFBC}") = "ProductStore", "ProductStore\ProductStore.csproj", "{4800B114-8853-49FD-A3A9-E7EDA698A91A}"
EndProject
Global
	GlobalSection(SolutionConfigurationPlatforms) = preSolution
		Debug|Any CPU = Debug|Any CPU
		Release|Any CPU = Release|Any CPU
	EndGlobalSection
	GlobalSection(ProjectConfigurationPlatforms) = postSolution
		{4800B114-8853-49FD-A3A9-E7EDA698A91A}.Debug|Any CPU.ActiveCfg = Debug|Any CPU
		{4800B114-8853-49FD-A3A9-E7EDA698A91A}.Debug|Any CPU.Build.0 = Debug|Any CPU
		{4800B114-8853-49FD-A3A9-E7EDA698A91A}.Release|Any CPU.ActiveCfg = Release|Any CPU
		{4800B114-8853-49FD-A3A9-E7EDA698A91A}.Release|Any CPU.Build.0 = Release|Any CPU
	EndGlobalSection
	GlobalSection(SolutionProperties) = preSolution
		HideSolutionNode = FALSE
	EndGlobalSection
	GlobalSection(ExtensibilityGlobals) = postSolution
		SolutionGuid = {BDF7A834-C5BA-478C-B9E1-D9E99CCB42DB}
	EndGlobalSection
EndGlobal
